
Microsoft Visual Studio Solution File, Format Version 12.00
# Visual Studio Version 16
VisualStudioVersion = 16.0.30621.155
MinimumVisualStudioVersion = 10.0.40219.1
Project("{9A19103F-16F7-4668-BE54-9A1E7A4F7556}") = "KampIntro", "KampIntro\KampIntro.csproj", "{72354624-6995-48F9-9F7F-39148C1056B4}"
EndProject
Project("{9A19103F-16F7-4668-BE54-9A1E7A4F7556}") = "Loops", "Donguler\Loops.csproj", "{620CBA5C-A7F3-430B-B8DD-1FBC565B789E}"
EndProject
Project("{9A19103F-16F7-4668-BE54-9A1E7A4F7556}") = "ClassIntro", "ClassIntro\ClassIntro.csproj", "{B7DA90BE-3EFA-4E85-A718-B6E060D23D78}"
EndProject
Project("{9A19103F-16F7-4668-BE54-9A1E7A4F7556}") = "Methods", "Methods\Methods.csproj", "{1BCB6B6D-C0B4-4CEC-8DA4-1E0F3B30A91A}"
EndProject
Project("{9A19103F-16F7-4668-BE54-9A1E7A4F7556}") = "Matematik", "Matematik\Matematik.csproj", "{9BAA322E-098E-407D-97EF-14B049716418}"
EndProject
Project("{9A19103F-16F7-4668-BE54-9A1E7A4F7556}") = "DegerveReferansTipler", "DegerveReferansTipler\DegerveReferansTipler.csproj", "{2B81D16D-C66F-493B-BE17-467B60505435}"
EndProject
Project("{2150E333-8FDC-42A3-9474-1A3956D46DE8}") = "Studies", "Studies", "{AFE9CB19-C771-4116-80EC-3FEAC3E89115}"
EndProject
Project("{9A19103F-16F7-4668-BE54-9A1E7A4F7556}") = "Date2", "Studies\Date2\Date2.csproj", "{BE7AF5C2-F7AA-4E63-A915-0DEF3904A597}"
EndProject
Project("{9A19103F-16F7-4668-BE54-9A1E7A4F7556}") = "Date3_ClassMetotDemo", "Studies\Date3\Date3_ClassMetotDemo.csproj", "{57872029-155F-4515-8FDA-9412FEA6075B}"
EndProject
Project("{9A19103F-16F7-4668-BE54-9A1E7A4F7556}") = "ConsoleApp1", "ConsoleApp1\ConsoleApp1.csproj", "{6126DC31-4DDB-4954-8414-38DCBC14C180}"
EndProject
Project("{9A19103F-16F7-4668-BE54-9A1E7A4F7556}") = "OOP1", "OOP1\OOP1.csproj", "{38A27E3E-EF45-4DF4-BC87-07B515905360}"
EndProject
Project("{9A19103F-16F7-4668-BE54-9A1E7A4F7556}") = "Collections", "Collections\Collections.csproj", "{B0519B25-7ADD-4226-BDCF-357FDB7CCD49}"
EndProject
Project("{9A19103F-16F7-4668-BE54-9A1E7A4F7556}") = "GenericsIntro", "GenericsIntro\GenericsIntro.csproj", "{A645AD25-A08B-43E5-B21A-39102A21A36C}"
EndProject
Project("{9A19103F-16F7-4668-BE54-9A1E7A4F7556}") = "OOP2", "OOP2\OOP2.csproj", "{50D6C7BD-3C7A-4590-AEC1-E1A8090F1ECE}"
EndProject
Project("{9A19103F-16F7-4668-BE54-9A1E7A4F7556}") = "OOP3", "OOP3\OOP3.csproj", "{577E4384-0BE0-4D8E-980E-00217FA41C99}"
EndProject
Project("{9A19103F-16F7-4668-BE54-9A1E7A4F7556}") = "Date3_RefOutKeyword", "Studies\Date3_RefOutKeyword\Date3_RefOutKeyword.csproj", "{B2559FCF-E1C1-48C5-B685-5F6C2B375AB8}"
EndProject
Project("{9A19103F-16F7-4668-BE54-9A1E7A4F7556}") = "Date5_GameSalesPlatform", "Studies\Date5_GameSalesPlatform\Date5_GameSalesPlatform.csproj", "{762C69AA-5F7C-44D7-8C6F-09CFC9DE32DA}"
EndProject
Global
	GlobalSection(SolutionConfigurationPlatforms) = preSolution
		Debug|Any CPU = Debug|Any CPU
		Release|Any CPU = Release|Any CPU
	EndGlobalSection
	GlobalSection(ProjectConfigurationPlatforms) = postSolution
		{72354624-6995-48F9-9F7F-39148C1056B4}.Debug|Any CPU.ActiveCfg = Debug|Any CPU
		{72354624-6995-48F9-9F7F-39148C1056B4}.Debug|Any CPU.Build.0 = Debug|Any CPU
		{72354624-6995-48F9-9F7F-39148C1056B4}.Release|Any CPU.ActiveCfg = Release|Any CPU
		{72354624-6995-48F9-9F7F-39148C1056B4}.Release|Any CPU.Build.0 = Release|Any CPU
		{620CBA5C-A7F3-430B-B8DD-1FBC565B789E}.Debug|Any CPU.ActiveCfg = Debug|Any CPU
		{620CBA5C-A7F3-430B-B8DD-1FBC565B789E}.Debug|Any CPU.Build.0 = Debug|Any CPU
		{620CBA5C-A7F3-430B-B8DD-1FBC565B789E}.Release|Any CPU.ActiveCfg = Release|Any CPU
		{620CBA5C-A7F3-430B-B8DD-1FBC565B789E}.Release|Any CPU.Build.0 = Release|Any CPU
		{B7DA90BE-3EFA-4E85-A718-B6E060D23D78}.Debug|Any CPU.ActiveCfg = Debug|Any CPU
		{B7DA90BE-3EFA-4E85-A718-B6E060D23D78}.Debug|Any CPU.Build.0 = Debug|Any CPU
		{B7DA90BE-3EFA-4E85-A718-B6E060D23D78}.Release|Any CPU.ActiveCfg = Release|Any CPU
		{B7DA90BE-3EFA-4E85-A718-B6E060D23D78}.Release|Any CPU.Build.0 = Release|Any CPU
		{1BCB6B6D-C0B4-4CEC-8DA4-1E0F3B30A91A}.Debug|Any CPU.ActiveCfg = Debug|Any CPU
		{1BCB6B6D-C0B4-4CEC-8DA4-1E0F3B30A91A}.Debug|Any CPU.Build.0 = Debug|Any CPU
		{1BCB6B6D-C0B4-4CEC-8DA4-1E0F3B30A91A}.Release|Any CPU.ActiveCfg = Release|Any CPU
		{1BCB6B6D-C0B4-4CEC-8DA4-1E0F3B30A91A}.Release|Any CPU.Build.0 = Release|Any CPU
		{9BAA322E-098E-407D-97EF-14B049716418}.Debug|Any CPU.ActiveCfg = Debug|Any CPU
		{9BAA322E-098E-407D-97EF-14B049716418}.Debug|Any CPU.Build.0 = Debug|Any CPU
		{9BAA322E-098E-407D-97EF-14B049716418}.Release|Any CPU.ActiveCfg = Release|Any CPU
		{9BAA322E-098E-407D-97EF-14B049716418}.Release|Any CPU.Build.0 = Release|Any CPU
		{2B81D16D-C66F-493B-BE17-467B60505435}.Debug|Any CPU.ActiveCfg = Debug|Any CPU
		{2B81D16D-C66F-493B-BE17-467B60505435}.Debug|Any CPU.Build.0 = Debug|Any CPU
		{2B81D16D-C66F-493B-BE17-467B60505435}.Release|Any CPU.ActiveCfg = Release|Any CPU
		{2B81D16D-C66F-493B-BE17-467B60505435}.Release|Any CPU.Build.0 = Release|Any CPU
		{BE7AF5C2-F7AA-4E63-A915-0DEF3904A597}.Debug|Any CPU.ActiveCfg = Debug|Any CPU
		{BE7AF5C2-F7AA-4E63-A915-0DEF3904A597}.Debug|Any CPU.Build.0 = Debug|Any CPU
		{BE7AF5C2-F7AA-4E63-A915-0DEF3904A597}.Release|Any CPU.ActiveCfg = Release|Any CPU
		{BE7AF5C2-F7AA-4E63-A915-0DEF3904A597}.Release|Any CPU.Build.0 = Release|Any CPU
		{57872029-155F-4515-8FDA-9412FEA6075B}.Debug|Any CPU.ActiveCfg = Debug|Any CPU
		{57872029-155F-4515-8FDA-9412FEA6075B}.Debug|Any CPU.Build.0 = Debug|Any CPU
		{57872029-155F-4515-8FDA-9412FEA6075B}.Release|Any CPU.ActiveCfg = Release|Any CPU
		{57872029-155F-4515-8FDA-9412FEA6075B}.Release|Any CPU.Build.0 = Release|Any CPU
		{6126DC31-4DDB-4954-8414-38DCBC14C180}.Debug|Any CPU.ActiveCfg = Debug|Any CPU
		{6126DC31-4DDB-4954-8414-38DCBC14C180}.Debug|Any CPU.Build.0 = Debug|Any CPU
		{6126DC31-4DDB-4954-8414-38DCBC14C180}.Release|Any CPU.ActiveCfg = Release|Any CPU
		{6126DC31-4DDB-4954-8414-38DCBC14C180}.Release|Any CPU.Build.0 = Release|Any CPU
		{38A27E3E-EF45-4DF4-BC87-07B515905360}.Debug|Any CPU.ActiveCfg = Debug|Any CPU
		{38A27E3E-EF45-4DF4-BC87-07B515905360}.Debug|Any CPU.Build.0 = Debug|Any CPU
		{38A27E3E-EF45-4DF4-BC87-07B515905360}.Release|Any CPU.ActiveCfg = Release|Any CPU
		{38A27E3E-EF45-4DF4-BC87-07B515905360}.Release|Any CPU.Build.0 = Release|Any CPU
		{B0519B25-7ADD-4226-BDCF-357FDB7CCD49}.Debug|Any CPU.ActiveCfg = Debug|Any CPU
		{B0519B25-7ADD-4226-BDCF-357FDB7CCD49}.Debug|Any CPU.Build.0 = Debug|Any CPU
		{B0519B25-7ADD-4226-BDCF-357FDB7CCD49}.Release|Any CPU.ActiveCfg = Release|Any CPU
		{B0519B25-7ADD-4226-BDCF-357FDB7CCD49}.Release|Any CPU.Build.0 = Release|Any CPU
		{A645AD25-A08B-43E5-B21A-39102A21A36C}.Debug|Any CPU.ActiveCfg = Debug|Any CPU
		{A645AD25-A08B-43E5-B21A-39102A21A36C}.Debug|Any CPU.Build.0 = Debug|Any CPU
		{A645AD25-A08B-43E5-B21A-39102A21A36C}.Release|Any CPU.ActiveCfg = Release|Any CPU
		{A645AD25-A08B-43E5-B21A-39102A21A36C}.Release|Any CPU.Build.0 = Release|Any CPU
		{50D6C7BD-3C7A-4590-AEC1-E1A8090F1ECE}.Debug|Any CPU.ActiveCfg = Debug|Any CPU
		{50D6C7BD-3C7A-4590-AEC1-E1A8090F1ECE}.Debug|Any CPU.Build.0 = Debug|Any CPU
		{50D6C7BD-3C7A-4590-AEC1-E1A8090F1ECE}.Release|Any CPU.ActiveCfg = Release|Any CPU
		{50D6C7BD-3C7A-4590-AEC1-E1A8090F1ECE}.Release|Any CPU.Build.0 = Release|Any CPU
		{577E4384-0BE0-4D8E-980E-00217FA41C99}.Debug|Any CPU.ActiveCfg = Debug|Any CPU
		{577E4384-0BE0-4D8E-980E-00217FA41C99}.Debug|Any CPU.Build.0 = Debug|Any CPU
		{577E4384-0BE0-4D8E-980E-00217FA41C99}.Release|Any CPU.ActiveCfg = Release|Any CPU
		{577E4384-0BE0-4D8E-980E-00217FA41C99}.Release|Any CPU.Build.0 = Release|Any CPU
		{B2559FCF-E1C1-48C5-B685-5F6C2B375AB8}.Debug|Any CPU.ActiveCfg = Debug|Any CPU
		{B2559FCF-E1C1-48C5-B685-5F6C2B375AB8}.Debug|Any CPU.Build.0 = Debug|Any CPU
		{B2559FCF-E1C1-48C5-B685-5F6C2B375AB8}.Release|Any CPU.ActiveCfg = Release|Any CPU
		{B2559FCF-E1C1-48C5-B685-5F6C2B375AB8}.Release|Any CPU.Build.0 = Release|Any CPU
		{762C69AA-5F7C-44D7-8C6F-09CFC9DE32DA}.Debug|Any CPU.ActiveCfg = Debug|Any CPU
		{762C69AA-5F7C-44D7-8C6F-09CFC9DE32DA}.Debug|Any CPU.Build.0 = Debug|Any CPU
		{762C69AA-5F7C-44D7-8C6F-09CFC9DE32DA}.Release|Any CPU.ActiveCfg = Release|Any CPU
		{762C69AA-5F7C-44D7-8C6F-09CFC9DE32DA}.Release|Any CPU.Build.0 = Release|Any CPU
	EndGlobalSection
	GlobalSection(SolutionProperties) = preSolution
		HideSolutionNode = FALSE
	EndGlobalSection
	GlobalSection(NestedProjects) = preSolution
		{BE7AF5C2-F7AA-4E63-A915-0DEF3904A597} = {AFE9CB19-C771-4116-80EC-3FEAC3E89115}
		{57872029-155F-4515-8FDA-9412FEA6075B} = {AFE9CB19-C771-4116-80EC-3FEAC3E89115}
		{B2559FCF-E1C1-48C5-B685-5F6C2B375AB8} = {AFE9CB19-C771-4116-80EC-3FEAC3E89115}
		{762C69AA-5F7C-44D7-8C6F-09CFC9DE32DA} = {AFE9CB19-C771-4116-80EC-3FEAC3E89115}
	EndGlobalSection
	GlobalSection(ExtensibilityGlobals) = postSolution
		SolutionGuid = {F440A866-3AD1-4786-96F8-B713983071B4}
	EndGlobalSection
EndGlobal
